
Microsoft Visual Studio Solution File, Format Version 9.00
# Visual Studio 2005
Project("{8BC9CEB8-8B4A-11D0-8D11-00A0C91BC942}") = "sandbox", "sandbox.vcproj", "{238CA5BC-BC3C-42EB-BA11-930956E69243}"
EndProject
Global
	GlobalSection(SolutionConfigurationPlatforms) = preSolution
		Debug|Win32 = Debug|Win32
		Release|Win32 = Release|Win32
	EndGlobalSection
	GlobalSection(ProjectConfigurationPlatforms) = postSolution
		{238CA5BC-BC3C-42EB-BA11-930956E69243}.Debug|Win32.ActiveCfg = Debug|Win32
		{238CA5BC-BC3C-42EB-BA11-930956E69243}.Debug|Win32.Build.0 = Debug|Win32
		{238CA5BC-BC3C-42EB-BA11-930956E69243}.Release|Win32.ActiveCfg = Release|Win32
		{238CA5BC-BC3C-42EB-BA11-930956E69243}.Release|Win32.Build.0 = Release|Win32
	EndGlobalSection
	GlobalSection(SolutionProperties) = preSolution
		HideSolutionNode = FALSE
	EndGlobalSection
EndGlobal
